PODS:
  - Flutter (1.0.0)
  - flutter_speech (0.0.1):
    - Flutter

DEPENDENCIES:
  - Flutter (from `Flutter`)
  - flutter_speech (from `.symlinks/plugins/flutter_speech/ios`)

EXTERNAL SOURCES:
  Flutter:
    :path: Flutter
  flutter_speech:
    :path: ".symlinks/plugins/flutter_speech/ios"

SPEC CHECKSUMS:
  Flutter: 0e3d915762c693b495b44d77113d4970485de6ec
  flutter_speech: dfa314b1f47e8e680a029c3705b3de22ddfceaf1

PODFILE CHECKSUM: aafe91acc616949ddb318b77800a7f51bffa2a4c

COCOAPODS: 1.10.0.rc.1
